// !$*UTF8*$!
{
	archiveVersion = 1;
	classes = {
	};
	objectVersion = 77;
	objects = {

/* Begin PBXContainerItemProxy section */
		BC03AA4A2DAC6A9D00B0E429 /* PBXContainerItemProxy */ = {
			isa = PBXContainerItemProxy;
			containerPortal = BC03AA2D2DAC6A9C00B0E429 /* Project object */;
			proxyType = 1;
			remoteGlobalIDString = BC03AA342DAC6A9C00B0E429;
			remoteInfo = "Auto Media Creator";
		};
		BC03AA542DAC6A9D00B0E429 /* PBXContainerItemProxy */ = {
			isa = PBXContainerItemProxy;
			containerPortal = BC03AA2D2DAC6A9C00B0E429 /* Project object */;
			proxyType = 1;
			remoteGlobalIDString = BC03AA342DAC6A9C00B0E429;
			remoteInfo = "Auto Media Creator";
		};
/* End PBXContainerItemProxy section */

/* Begin PBXFileReference section */
		BC03AA352DAC6A9C00B0E429 /* Auto Media Creator.app */ = {isa = PBXFileReference; explicitFileType = wrapper.application; includeInIndex = 0; path = "Auto Media Creator.app"; sourceTree = BUILT_PRODUCTS_DIR; };
		BC03AA492DAC6A9D00B0E429 /* Auto Media CreatorTests.xctest */ = {isa = PBXFileReference; explicitFileType = wrapper.cfbundle; includeInIndex = 0; path = "Auto Media CreatorTests.xctest"; sourceTree = BUILT_PRODUCTS_DIR; };
		BC03AA532DAC6A9D00B0E429 /* Auto Media CreatorUITests.xctest */ = {isa = PBXFileReference; explicitFileType = wrapper.cfbundle; includeInIndex = 0; path = "Auto Media CreatorUITests.xctest"; sourceTree = BUILT_PRODUCTS_DIR; };
/* End PBXFileReference section */

/* Begin PBXFileSystemSynchronizedBuildFileExceptionSet section */
		BC03AA5B2DAC6A9D00B0E429 /* Exceptions for "Auto Media Creator" folder in "Auto Media Creator" target */ = {
			isa = PBXFileSystemSynchronizedBuildFileExceptionSet;
			membershipExceptions = (
				Info.plist,
			);
			target = BC03AA342DAC6A9C00B0E429 /* Auto Media Creator */;
		};
/* End PBXFileSystemSynchronizedBuildFileExceptionSet section */

/* Begin PBXFileSystemSynchronizedRootGroup section */
		BC03AA372DAC6A9C00B0E429 /* Auto Media Creator */ = {
			isa = PBXFileSystemSynchronizedRootGroup;
			exceptions = (
				BC03AA5B2DAC6A9D00B0E429 /* Exceptions for "Auto Media Creator" folder in "Auto Media Creator" target */,
			);
			path = "Auto Media Creator";
			sourceTree = "<group>";
		};
		BC03AA4C2DAC6A9D00B0E429 /* Auto Media CreatorTests */ = {
			isa = PBXFileSystemSynchronizedRootGroup;
			path = "Auto Media CreatorTests";
			sourceTree = "<group>";
		};
		BC03AA562DAC6A9D00B0E429 /* Auto Media CreatorUITests */ = {
			isa = PBXFileSystemSynchronizedRootGroup;
			path = "Auto Media CreatorUITests";
			sourceTree = "<group>";
		};
/* End PBXFileSystemSynchronizedRootGroup section */

/* Begin PBXFrameworksBuildPhase section */
		BC03AA322DAC6A9C00B0E429 /* Frameworks */ = {
			isa = PBXFrameworksBuildPhase;
			buildActionMask = 2147483647;
			files = (
			);
			runOnlyForDeploymentPostprocessing = 0;
		};
		BC03AA462DAC6A9D00B0E429 /* Frameworks */ = {
			isa = PBXFrameworksBuildPhase;
			buildActionMask = 2147483647;
			files = (
			);
			runOnlyForDeploymentPostprocessing = 0;
		};
		BC03AA502DAC6A9D00B0E429 /* Frameworks */ = {
			isa = PBXFrameworksBuildPhase;
			buildActionMask = 2147483647;
			files = (
			);
			runOnlyForDeploymentPostprocessing = 0;
		};
/* End PBXFrameworksBuildPhase section */

/* Begin PBXGroup section */
		BC03AA2C2DAC6A9C00B0E429 = {
			isa = PBXGroup;
			children = (
				BC03AA372DAC6A9C00B0E429 /* Auto Media Creator */,
				BC03AA4C2DAC6A9D00B0E429 /* Auto Media CreatorTests */,
				BC03AA562DAC6A9D00B0E429 /* Auto Media CreatorUITests */,
				BC03AA362DAC6A9C00B0E429 /* Products */,
			);
			sourceTree = "<group>";
		};
		BC03AA362DAC6A9C00B0E429 /* Products */ = {
			isa = PBXGroup;
			children = (
				BC03AA352DAC6A9C00B0E429 /* Auto Media Creator.app */,
				BC03AA492DAC6A9D00B0E429 /* Auto Media CreatorTests.xctest */,
				BC03AA532DAC6A9D00B0E429 /* Auto Media CreatorUITests.xctest */,
			);
			name = Products;
			sourceTree = "<group>";
		};
/* End PBXGroup section */

/* Begin PBXNativeTarget section */
		BC03AA342DAC6A9C00B0E429 /* Auto Media Creator */ = {
			isa = PBXNativeTarget;
			buildConfigurationList = BC03AA5C2DAC6A9D00B0E429 /* Build configuration list for PBXNativeTarget "Auto Media Creator" */;
			buildPhases = (
				BC03AA312DAC6A9C00B0E429 /* Sources */,
				BC03AA322DAC6A9C00B0E429 /* Frameworks */,
				BC03AA332DAC6A9C00B0E429 /* Resources */,
			);
			buildRules = (
			);
			dependencies = (
			);
			fileSystemSynchronizedGroups = (
				BC03AA372DAC6A9C00B0E429 /* Auto Media Creator */,
			);
			name = "Auto Media Creator";
			packageProductDependencies = (
			);
			productName = "Auto Media Creator";
			productReference = BC03AA352DAC6A9C00B0E429 /* Auto Media Creator.app */;
			productType = "com.apple.product-type.application";
		};
		BC03AA482DAC6A9D00B0E429 /* Auto Media CreatorTests */ = {
			isa = PBXNativeTarget;
			buildConfigurationList = BC03AA612DAC6A9D00B0E429 /* Build configuration list for PBXNativeTarget "Auto Media CreatorTests" */;
			buildPhases = (
				BC03AA452DAC6A9D00B0E429 /* Sources */,
				BC03AA462DAC6A9D00B0E429 /* Frameworks */,
				BC03AA472DAC6A9D00B0E429 /* Resources */,
			);
			buildRules = (
			);
			dependencies = (
				BC03AA4B2DAC6A9D00B0E429 /* PBXTargetDependency */,
			);
			fileSystemSynchronizedGroups = (
				BC03AA4C2DAC6A9D00B0E429 /* Auto Media CreatorTests */,
			);
			name = "Auto Media CreatorTests";
			packageProductDependencies = (
			);
			productName = "Auto Media CreatorTests";
			productReference = BC03AA492DAC6A9D00B0E429 /* Auto Media CreatorTests.xctest */;
			productType = "com.apple.product-type.bundle.unit-test";
		};
		BC03AA522DAC6A9D00B0E429 /* Auto Media CreatorUITests */ = {
			isa = PBXNativeTarget;
			buildConfigurationList = BC03AA642DAC6A9D00B0E429 /* Build configuration list for PBXNativeTarget "Auto Media CreatorUITests" */;
			buildPhases = (
				BC03AA4F2DAC6A9D00B0E429 /* Sources */,
				BC03AA502DAC6A9D00B0E429 /* Frameworks */,
				BC03AA512DAC6A9D00B0E429 /* Resources */,
			);
			buildRules = (
			);
			dependencies = (
				BC03AA552DAC6A9D00B0E429 /* PBXTargetDependency */,
			);
			fileSystemSynchronizedGroups = (
				BC03AA562DAC6A9D00B0E429 /* Auto Media CreatorUITests */,
			);
			name = "Auto Media CreatorUITests";
			packageProductDependencies = (
			);
			productName = "Auto Media CreatorUITests";
			productReference = BC03AA532DAC6A9D00B0E429 /* Auto Media CreatorUITests.xctest */;
			productType = "com.apple.product-type.bundle.ui-testing";
		};
/* End PBXNativeTarget section */

/* Begin PBXProject section */
		BC03AA2D2DAC6A9C00B0E429 /* Project object */ = {
			isa = PBXProject;
			attributes = {
				BuildIndependentTargetsInParallel = 1;
				LastSwiftUpdateCheck = 1620;
				LastUpgradeCheck = 1620;
				TargetAttributes = {
					BC03AA342DAC6A9C00B0E429 = {
						CreatedOnToolsVersion = 16.2;
					};
					BC03AA482DAC6A9D00B0E429 = {
						CreatedOnToolsVersion = 16.2;
						TestTargetID = BC03AA342DAC6A9C00B0E429;
					};
					BC03AA522DAC6A9D00B0E429 = {
						CreatedOnToolsVersion = 16.2;
						TestTargetID = BC03AA342DAC6A9C00B0E429;
					};
				};
			};
			buildConfigurationList = BC03AA302DAC6A9C00B0E429 /* Build configuration list for PBXProject "Auto Media Creator" */;
			developmentRegion = en;
			hasScannedForEncodings = 0;
			knownRegions = (
				en,
				Base,
			);
			mainGroup = BC03AA2C2DAC6A9C00B0E429;
			minimizedProjectReferenceProxies = 1;
			preferredProjectObjectVersion = 77;
			productRefGroup = BC03AA362DAC6A9C00B0E429 /* Products */;
			projectDirPath = "";
			projectRoot = "";
			targets = (
				BC03AA342DAC6A9C00B0E429 /* Auto Media Creator */,
				BC03AA482DAC6A9D00B0E429 /* Auto Media CreatorTests */,
				BC03AA522DAC6A9D00B0E429 /* Auto Media CreatorUITests */,
			);
		};
/* End PBXProject section */

/* Begin PBXResourcesBuildPhase section */
		BC03AA332DAC6A9C00B0E429 /* Resources */ = {
			isa = PBXResourcesBuildPhase;
			buildActionMask = 2147483647;
			files = (
			);
			runOnlyForDeploymentPostprocessing = 0;
		};
		BC03AA472DAC6A9D00B0E429 /* Resources */ = {
			isa = PBXResourcesBuildPhase;
			buildActionMask = 2147483647;
			files = (
			);
			runOnlyForDeploymentPostprocessing = 0;
		};
		BC03AA512DAC6A9D00B0E429 /* Resources */ = {
			isa = PBXResourcesBuildPhase;
			buildActionMask = 2147483647;
			files = (
			);
			runOnlyForDeploymentPostprocessing = 0;
		};
/* End PBXResourcesBuildPhase section */

/* Begin PBXSourcesBuildPhase section */
		BC03AA312DAC6A9C00B0E429 /* Sources */ = {
			isa = PBXSourcesBuildPhase;
			buildActionMask = 2147483647;
			files = (
			);
			runOnlyForDeploymentPostprocessing = 0;
		};
		BC03AA452DAC6A9D00B0E429 /* Sources */ = {
			isa = PBXSourcesBuildPhase;
			buildActionMask = 2147483647;
			files = (
			);
			runOnlyForDeploymentPostprocessing = 0;
		};
		BC03AA4F2DAC6A9D00B0E429 /* Sources */ = {
			isa = PBXSourcesBuildPhase;
			buildActionMask = 2147483647;
			files = (
			);
			runOnlyForDeploymentPostprocessing = 0;
		};
/* End PBXSourcesBuildPhase section */

/* Begin PBXTargetDependency section */
		BC03AA4B2DAC6A9D00B0E429 /* PBXTargetDependency */ = {
			isa = PBXTargetDependency;
			target = BC03AA342DAC6A9C00B0E429 /* Auto Media Creator */;
			targetProxy = BC03AA4A2DAC6A9D00B0E429 /* PBXContainerItemProxy */;
		};
		BC03AA552DAC6A9D00B0E429 /* PBXTargetDependency */ = {
			isa = PBXTargetDependency;
			target = BC03AA342DAC6A9C00B0E429 /* Auto Media Creator */;
			targetProxy = BC03AA542DAC6A9D00B0E429 /* PBXContainerItemProxy */;
		};
/* End PBXTargetDependency section */

/* Begin XCBuildConfiguration section */
		BC03AA5D2DAC6A9D00B0E429 /* Debug */ = {
			isa = XCBuildConfiguration;
			buildSettings = {
				ASSETCATALOG_COMPILER_APPICON_NAME = AppIcon;
				ASSETCATALOG_COMPILER_GLOBAL_ACCENT_COLOR_NAME = AccentColor;
				CODE_SIGN_ENTITLEMENTS = "Auto Media Creator/Auto_Media_Creator.entitlements";
				CODE_SIGN_STYLE = Automatic;
				CURRENT_PROJECT_VERSION = 1;
				DEVELOPMENT_ASSET_PATHS = "\"Auto Media Creator/Preview Content\"";
				DEVELOPMENT_TEAM = WH7XKRC8QZ;
				ENABLE_PREVIEWS = YES;
				GENERATE_INFOPLIST_FILE = YES;
				INFOPLIST_FILE = "Auto Media Creator/Info.plist";
				INFOPLIST_KEY_UIApplicationSceneManifest_Generation = YES;
				INFOPLIST_KEY_UIApplicationSupportsIndirectInputEvents = YES;
				INFOPLIST_KEY_UILaunchScreen_Generation = YES;
				INFOPLIST_KEY_UISupportedInterfaceOrientations_iPad = "UIInterfaceOrientationPortrait UIInterfaceOrientationPortraitUpsideDown UIInterfaceOrientationLandscapeLeft UIInterfaceOrientationLandscapeRight";
				INFOPLIST_KEY_UISupportedInterfaceOrientations_iPhone = "UIInterfaceOrientationPortrait UIInterfaceOrientationLandscapeLeft UIInterfaceOrientationLandscapeRight";
				LD_RUNPATH_SEARCH_PATHS = (
					"$(inherited)",
					"@executable_path/Frameworks",
				);
				MARKETING_VERSION = 1.0;
				PRODUCT_BUNDLE_IDENTIFIER = "com.scottcampbell.Auto-Media-Creator";
				PRODUCT_NAME = "$(TARGET_NAME)";
				SWIFT_EMIT_LOC_STRINGS = YES;
				SWIFT_VERSION = 5.0;
				TARGETED_DEVICE_FAMILY = "1,2";
			};
			name = Debug;
		};
		BC03AA5E2DAC6A9D00B0E429 /* Release */ = {
			isa = XCBuildConfiguration;
			buildSettings = {
				ASSETCATALOG_COMPILER_APPICON_NAME = AppIcon;
				ASSETCATALOG_COMPILER_GLOBAL_ACCENT_COLOR_NAME = AccentColor;
				CODE_SIGN_ENTITLEMENTS = "Auto Media Creator/Auto_Media_Creator.entitlements";
				CODE_SIGN_STYLE = Automatic;
				CURRENT_PROJECT_VERSION = 1;
				DEVELOPMENT_ASSET_PATHS = "\"Auto Media Creator/Preview Content\"";
				DEVELOPMENT_TEAM = WH7XKRC8QZ;
				ENABLE_PREVIEWS = YES;
				GENERATE_INFOPLIST_FILE = YES;
				INFOPLIST_FILE = "Auto Media Creator/Info.plist";
				INFOPLIST_KEY_UIApplicationSceneManifest_Generation = YES;
				INFOPLIST_KEY_UIApplicationSupportsIndirectInputEvents = YES;
				INFOPLIST_KEY_UILaunchScreen_Generation = YES;
				INFOPLIST_KEY_UISupportedInterfaceOrientations_iPad = "UIInterfaceOrientationPortrait UIInterfaceOrientationPortraitUpsideDown UIInterfaceOrientationLandscapeLeft UIInterfaceOrientationLandscapeRight";
				INFOPLIST_KEY_UISupportedInterfaceOrientations_iPhone = "UIInterfaceOrientationPortrait UIInterfaceOrientationLandscapeLeft UIInterfaceOrientationLandscapeRight";
				LD_RUNPATH_SEARCH_PATHS = (
					"$(inherited)",
					"@executable_path/Frameworks",
				);
				MARKETING_VERSION = 1.0;
				PRODUCT_BUNDLE_IDENTIFIER = "com.scottcampbell.Auto-Media-Creator";
				PRODUCT_NAME = "$(TARGET_NAME)";
				SWIFT_EMIT_LOC_STRINGS = YES;
				SWIFT_VERSION = 5.0;
				TARGETED_DEVICE_FAMILY = "1,2";
			};
			name = Release;
		};
		BC03AA5F2DAC6A9D00B0E429 /* Debug */ = {
			isa = XCBuildConfiguration;
			buildSettings = {
				ALWAYS_SEARCH_USER_PATHS = NO;
				ASSETCATALOG_COMPILER_GENERATE_SWIFT_ASSET_SYMBOL_EXTENSIONS = YES;
				CLANG_ANALYZER_NONNULL = YES;
				CLANG_ANALYZER_NUMBER_OBJECT_CONVERSION = YES_AGGRESSIVE;
				CLANG_CXX_LANGUAGE_STANDARD = "gnu++20";
				CLANG_ENABLE_MODULES = YES;
				CLANG_ENABLE_OBJC_ARC = YES;
				CLANG_ENABLE_OBJC_WEAK = YES;
				CLANG_WARN_BLOCK_CAPTURE_AUTORELEASING = YES;
				CLANG_WARN_BOOL_CONVERSION = YES;
				CLANG_WARN_COMMA = YES;
				CLANG_WARN_CONSTANT_CONVERSION = YES;
				CLANG_WARN_DEPRECATED_OBJC_IMPLEMENTATIONS = YES;
				CLANG_WARN_DIRECT_OBJC_ISA_USAGE = YES_ERROR;
				CLANG_WARN_DOCUMENTATION_COMMENTS = YES;
				CLANG_WARN_EMPTY_BODY = YES;
				CLANG_WARN_ENUM_CONVERSION = YES;
				CLANG_WARN_INFINITE_RECURSION = YES;
				CLANG_WARN_INT_CONVERSION = YES;
				CLANG_WARN_NON_LITERAL_NULL_CONVERSION = YES;
				CLANG_WARN_OBJC_IMPLICIT_RETAIN_SELF = YES;
				CLANG_WARN_OBJC_LITERAL_CONVERSION = YES;
				CLANG_WARN_OBJC_ROOT_CLASS = YES_ERROR;
				CLANG_WARN_QUOTED_INCLUDE_IN_FRAMEWORK_HEADER = YES;
				CLANG_WARN_RANGE_LOOP_ANALYSIS = YES;
				CLANG_WARN_STRICT_PROTOTYPES = YES;
				CLANG_WARN_SUSPICIOUS_MOVE = YES;
				CLANG_WARN_UNGUARDED_AVAILABILITY = YES_AGGRESSIVE;
				CLANG_WARN_UNREACHABLE_CODE = YES;
				CLANG_WARN__DUPLICATE_METHOD_MATCH = YES;
				COPY_PHASE_STRIP = NO;
				DEBUG_INFORMATION_FORMAT = dwarf;
				ENABLE_STRICT_OBJC_MSGSEND = YES;
				ENABLE_TESTABILITY = YES;
				ENABLE_USER_SCRIPT_SANDBOXING = YES;
				GCC_C_LANGUAGE_STANDARD = gnu17;
				GCC_DYNAMIC_NO_PIC = NO;
				GCC_NO_COMMON_BLOCKS = YES;
				GCC_OPTIMIZATION_LEVEL = 0;
				GCC_PREPROCESSOR_DEFINITIONS = (
					"DEBUG=1",
					"$(inherited)",
				);
				GCC_WARN_64_TO_32_BIT_CONVERSION = YES;
				GCC_WARN_ABOUT_RETURN_TYPE = YES_ERROR;
				GCC_WARN_UNDECLARED_SELECTOR = YES;
				GCC_WARN_UNINITIALIZED_AUTOS = YES_AGGRESSIVE;
				GCC_WARN_UNUSED_FUNCTION = YES;
				GCC_WARN_UNUSED_VARIABLE = YES;
				IPHONEOS_DEPLOYMENT_TARGET = 18.2;
				LOCALIZATION_PREFERS_STRING_CATALOGS = YES;
				MTL_ENABLE_DEBUG_INFO = INCLUDE_SOURCE;
				MTL_FAST_MATH = YES;
				ONLY_ACTIVE_ARCH = YES;
				SDKROOT = iphoneos;
				SWIFT_ACTIVE_COMPILATION_CONDITIONS = "DEBUG $(inherited)";
				SWIFT_OPTIMIZATION_LEVEL = "-Onone";
			};
			name = Debug;
		};
		BC03AA602DAC6A9D00B0E429 /* Release */ = {
			isa = XCBuildConfiguration;
			buildSettings = {
				ALWAYS_SEARCH_USER_PATHS = NO;
				ASSETCATALOG_COMPILER_GENERATE_SWIFT_ASSET_SYMBOL_EXTENSIONS = YES;
				CLANG_ANALYZER_NONNULL = YES;
				CLANG_ANALYZER_NUMBER_OBJECT_CONVERSION = YES_AGGRESSIVE;
				CLANG_CXX_LANGUAGE_STANDARD = "gnu++20";
				CLANG_ENABLE_MODULES = YES;
				CLANG_ENABLE_OBJC_ARC = YES;
				CLANG_ENABLE_OBJC_WEAK = YES;
				CLANG_WARN_BLOCK_CAPTURE_AUTORELEASING = YES;
				CLANG_WARN_BOOL_CONVERSION = YES;
				CLANG_WARN_COMMA = YES;
				CLANG_WARN_CONSTANT_CONVERSION = YES;
				CLANG_WARN_DEPRECATED_OBJC_IMPLEMENTATIONS = YES;
				CLANG_WARN_DIRECT_OBJC_ISA_USAGE = YES_ERROR;
				CLANG_WARN_DOCUMENTATION_COMMENTS = YES;
				CLANG_WARN_EMPTY_BODY = YES;
				CLANG_WARN_ENUM_CONVERSION = YES;
				CLANG_WARN_INFINITE_RECURSION = YES;
				CLANG_WARN_INT_CONVERSION = YES;
				CLANG_WARN_NON_LITERAL_NULL_CONVERSION = YES;
				CLANG_WARN_OBJC_IMPLICIT_RETAIN_SELF = YES;
				CLANG_WARN_OBJC_LITERAL_CONVERSION = YES;
				CLANG_WARN_OBJC_ROOT_CLASS = YES_ERROR;
				CLANG_WARN_QUOTED_INCLUDE_IN_FRAMEWORK_HEADER = YES;
				CLANG_WARN_RANGE_LOOP_ANALYSIS = YES;
				CLANG_WARN_STRICT_PROTOTYPES = YES;
				CLANG_WARN_SUSPICIOUS_MOVE = YES;
				CLANG_WARN_UNGUARDED_AVAILABILITY = YES_AGGRESSIVE;
				CLANG_WARN_UNREACHABLE_CODE = YES;
				CLANG_WARN__DUPLICATE_METHOD_MATCH = YES;
				COPY_PHASE_STRIP = NO;
				DEBUG_INFORMATION_FORMAT = "dwarf-with-dsym";
				ENABLE_NS_ASSERTIONS = NO;
				ENABLE_STRICT_OBJC_MSGSEND = YES;
				ENABLE_USER_SCRIPT_SANDBOXING = YES;
				GCC_C_LANGUAGE_STANDARD = gnu17;
				GCC_NO_COMMON_BLOCKS = YES;
				GCC_WARN_64_TO_32_BIT_CONVERSION = YES;
				GCC_WARN_ABOUT_RETURN_TYPE = YES_ERROR;
				GCC_WARN_UNDECLARED_SELECTOR = YES;
				GCC_WARN_UNINITIALIZED_AUTOS = YES_AGGRESSIVE;
				GCC_WARN_UNUSED_FUNCTION = YES;
				GCC_WARN_UNUSED_VARIABLE = YES;
				IPHONEOS_DEPLOYMENT_TARGET = 18.2;
				LOCALIZATION_PREFERS_STRING_CATALOGS = YES;
				MTL_ENABLE_DEBUG_INFO = NO;
				MTL_FAST_MATH = YES;
				SDKROOT = iphoneos;
				SWIFT_COMPILATION_MODE = wholemodule;
				VALIDATE_PRODUCT = YES;
			};
			name = Release;
		};
		BC03AA622DAC6A9D00B0E429 /* Debug */ = {
			isa = XCBuildConfiguration;
			buildSettings = {
				BUNDLE_LOADER = "$(TEST_HOST)";
				CODE_SIGN_STYLE = Automatic;
				CURRENT_PROJECT_VERSION = 1;
				DEVELOPMENT_TEAM = WH7XKRC8QZ;
				GENERATE_INFOPLIST_FILE = YES;
				IPHONEOS_DEPLOYMENT_TARGET = 18.2;
				MARKETING_VERSION = 1.0;
				PRODUCT_BUNDLE_IDENTIFIER = "com.scottcampbell.Auto-Media-CreatorTests";
				PRODUCT_NAME = "$(TARGET_NAME)";
				SWIFT_EMIT_LOC_STRINGS = NO;
				SWIFT_VERSION = 5.0;
				TARGETED_DEVICE_FAMILY = "1,2";
				TEST_HOST = "$(BUILT_PRODUCTS_DIR)/Auto Media Creator.app/$(BUNDLE_EXECUTABLE_FOLDER_PATH)/Auto Media Creator";
			};
			name = Debug;
		};
		BC03AA632DAC6A9D00B0E429 /* Release */ = {
			isa = XCBuildConfiguration;
			buildSettings = {
				BUNDLE_LOADER = "$(TEST_HOST)";
				CODE_SIGN_STYLE = Automatic;
				CURRENT_PROJECT_VERSION = 1;
				DEVELOPMENT_TEAM = WH7XKRC8QZ;
				GENERATE_INFOPLIST_FILE = YES;
				IPHONEOS_DEPLOYMENT_TARGET = 18.2;
				MARKETING_VERSION = 1.0;
				PRODUCT_BUNDLE_IDENTIFIER = "com.scottcampbell.Auto-Media-CreatorTests";
				PRODUCT_NAME = "$(TARGET_NAME)";
				SWIFT_EMIT_LOC_STRINGS = NO;
				SWIFT_VERSION = 5.0;
				TARGETED_DEVICE_FAMILY = "1,2";
				TEST_HOST = "$(BUILT_PRODUCTS_DIR)/Auto Media Creator.app/$(BUNDLE_EXECUTABLE_FOLDER_PATH)/Auto Media Creator";
			};
			name = Release;
		};
		BC03AA652DAC6A9D00B0E429 /* Debug */ = {
			isa = XCBuildConfiguration;
			buildSettings = {
				CODE_SIGN_STYLE = Automatic;
				CURRENT_PROJECT_VERSION = 1;
				DEVELOPMENT_TEAM = WH7XKRC8QZ;
				GENERATE_INFOPLIST_FILE = YES;
				MARKETING_VERSION = 1.0;
				PRODUCT_BUNDLE_IDENTIFIER = "com.scottcampbell.Auto-Media-CreatorUITests";
				PRODUCT_NAME = "$(TARGET_NAME)";
				SWIFT_EMIT_LOC_STRINGS = NO;
				SWIFT_VERSION = 5.0;
				TARGETED_DEVICE_FAMILY = "1,2";
				TEST_TARGET_NAME = "Auto Media Creator";
			};
			name = Debug;
		};
		BC03AA662DAC6A9D00B0E429 /* Release */ = {
			isa = XCBuildConfiguration;
			buildSettings = {
				CODE_SIGN_STYLE = Automatic;
				CURRENT_PROJECT_VERSION = 1;
				DEVELOPMENT_TEAM = WH7XKRC8QZ;
				GENERATE_INFOPLIST_FILE = YES;
				MARKETING_VERSION = 1.0;
				PRODUCT_BUNDLE_IDENTIFIER = "com.scottcampbell.Auto-Media-CreatorUITests";
				PRODUCT_NAME = "$(TARGET_NAME)";
				SWIFT_EMIT_LOC_STRINGS = NO;
				SWIFT_VERSION = 5.0;
				TARGETED_DEVICE_FAMILY = "1,2";
				TEST_TARGET_NAME = "Auto Media Creator";
			};
			name = Release;
		};
/* End XCBuildConfiguration section */

/* Begin XCConfigurationList section */
		BC03AA302DAC6A9C00B0E429 /* Build configuration list for PBXProject "Auto Media Creator" */ = {
			isa = XCConfigurationList;
			buildConfigurations = (
				BC03AA5F2DAC6A9D00B0E429 /* Debug */,
				BC03AA602DAC6A9D00B0E429 /* Release */,
			);
			defaultConfigurationIsVisible = 0;
			defaultConfigurationName = Release;
		};
		BC03AA5C2DAC6A9D00B0E429 /* Build configuration list for PBXNativeTarget "Auto Media Creator" */ = {
			isa = XCConfigurationList;
			buildConfigurations = (
				BC03AA5D2DAC6A9D00B0E429 /* Debug */,
				BC03AA5E2DAC6A9D00B0E429 /* Release */,
			);
			defaultConfigurationIsVisible = 0;
			defaultConfigurationName = Release;
		};
		BC03AA612DAC6A9D00B0E429 /* Build configuration list for PBXNativeTarget "Auto Media CreatorTests" */ = {
			isa = XCConfigurationList;
			buildConfigurations = (
				BC03AA622DAC6A9D00B0E429 /* Debug */,
				BC03AA632DAC6A9D00B0E429 /* Release */,
			);
			defaultConfigurationIsVisible = 0;
			defaultConfigurationName = Release;
		};
		BC03AA642DAC6A9D00B0E429 /* Build configuration list for PBXNativeTarget "Auto Media CreatorUITests" */ = {
			isa = XCConfigurationList;
			buildConfigurations = (
				BC03AA652DAC6A9D00B0E429 /* Debug */,
				BC03AA662DAC6A9D00B0E429 /* Release */,
			);
			defaultConfigurationIsVisible = 0;
			defaultConfigurationName = Release;
		};
/* End XCConfigurationList section */
	};
	rootObject = BC03AA2D2DAC6A9C00B0E429 /* Project object */;
}
